
Microsoft Visual Studio Solution File, Format Version 12.00
# Visual Studio Version 16
VisualStudioVersion = 16.0.31613.86
MinimumVisualStudioVersion = 10.0.40219.1
Project("{FAE04EC0-301F-11D3-BF4B-00C04F79EFBC}") = "WebApiIdentityJwt", "WebApiIdentityJwt\WebApiIdentityJwt.csproj", "{537B6D42-DBD5-4593-95BA-B42EA4B90E3D}"
EndProject
Global
	GlobalSection(SolutionConfigurationPlatforms) = preSolution
		Debug|Any CPU = Debug|Any CPU
		Release|Any CPU = Release|Any CPU
	EndGlobalSection
	GlobalSection(ProjectConfigurationPlatforms) = postSolution
		{537B6D42-DBD5-4593-95BA-B42EA4B90E3D}.Debug|Any CPU.ActiveCfg = Debug|Any CPU
		{537B6D42-DBD5-4593-95BA-B42EA4B90E3D}.Debug|Any CPU.Build.0 = Debug|Any CPU
		{537B6D42-DBD5-4593-95BA-B42EA4B90E3D}.Release|Any CPU.ActiveCfg = Release|Any CPU
		{537B6D42-DBD5-4593-95BA-B42EA4B90E3D}.Release|Any CPU.Build.0 = Release|Any CPU
	EndGlobalSection
	GlobalSection(SolutionProperties) = preSolution
		HideSolutionNode = FALSE
	EndGlobalSection
	GlobalSection(ExtensibilityGlobals) = postSolution
		SolutionGuid = {55D39365-33AD-494B-B719-4D472346ACBA}
	EndGlobalSection
EndGlobal
